<Solution>
  <Folder Name="/src/">
    <Project Path="src/AethericAdmin.BootstrapShell/AethericAdmin.BootstrapShell.csproj" />
    <Project Path="src/AethericAdmin.Web/AethericAdmin.Web.csproj" />
  </Folder>
  <Folder Name="/tests/">
    <Project Path="tests/AethericAdmin.Tests/AethericAdmin.Tests.csproj" />
  </Folder>
</Solution>
